// !$*UTF8*$!
{
	archiveVersion = 1;
	classes = {
	};
	objectVersion = 46;
	objects = {

/* Begin PBXBuildFile section */
		9233D6D21CC44DE10069D3A3 /* AppDelegate.swift in Sources */ = {isa = PBXBuildFile; fileRef = 9233D6D11CC44DE10069D3A3 /* AppDelegate.swift */; };
		9233D6D41CC44DE10069D3A3 /* ViewController.swift in Sources */ = {isa = PBXBuildFile; fileRef = 9233D6D31CC44DE10069D3A3 /* ViewController.swift */; };
		9233D6D71CC44DE10069D3A3 /* Main.storyboard in Resources */ = {isa = PBXBuildFile; fileRef = 9233D6D51CC44DE10069D3A3 /* Main.storyboard */; };
		9233D6D91CC44DE10069D3A3 /* Assets.xcassets in Resources */ = {isa = PBXBuildFile; fileRef = 9233D6D81CC44DE10069D3A3 /* Assets.xcassets */; };
		9233D6DC1CC44DE10069D3A3 /* LaunchScreen.storyboard in Resources */ = {isa = PBXBuildFile; fileRef = 9233D6DA1CC44DE10069D3A3 /* LaunchScreen.storyboard */; };
		9233D6E71CC44DE10069D3A3 /* RecipeTutorialTests.swift in Sources */ = {isa = PBXBuildFile; fileRef = 9233D6E61CC44DE10069D3A3 /* RecipeTutorialTests.swift */; };
		9233D6F21CC44DE10069D3A3 /* RecipeTutorialUITests.swift in Sources */ = {isa = PBXBuildFile; fileRef = 9233D6F11CC44DE10069D3A3 /* RecipeTutorialUITests.swift */; };
		9233D7041CC4A13C0069D3A3 /* DetailMealViewController.swift in Sources */ = {isa = PBXBuildFile; fileRef = 9233D7031CC4A13C0069D3A3 /* DetailMealViewController.swift */; };
		926E95E61CC7195100FC57B9 /* AddMealViewController.swift in Sources */ = {isa = PBXBuildFile; fileRef = 926E95E51CC7195100FC57B9 /* AddMealViewController.swift */; };
/* End PBXBuildFile section */

/* Begin PBXContainerItemProxy section */
		9233D6E31CC44DE10069D3A3 /* PBXContainerItemProxy */ = {
			isa = PBXContainerItemProxy;
			containerPortal = 9233D6C61CC44DE10069D3A3 /* Project object */;
			proxyType = 1;
			remoteGlobalIDString = 9233D6CD1CC44DE10069D3A3;
			remoteInfo = RecipeTutorial;
		};
		9233D6EE1CC44DE10069D3A3 /* PBXContainerItemProxy */ = {
			isa = PBXContainerItemProxy;
			containerPortal = 9233D6C61CC44DE10069D3A3 /* Project object */;
			proxyType = 1;
			remoteGlobalIDString = 9233D6CD1CC44DE10069D3A3;
			remoteInfo = RecipeTutorial;
		};
/* End PBXContainerItemProxy section */

/* Begin PBXFileReference section */
		9233D6CE1CC44DE10069D3A3 /* RecipeTutorial.app */ = {isa = PBXFileReference; explicitFileType = wrapper.application; includeInIndex = 0; path = RecipeTutorial.app; sourceTree = BUILT_PRODUCTS_DIR; };
		9233D6D11CC44DE10069D3A3 /* AppDelegate.swift */ = {isa = PBXFileReference; lastKnownFileType = sourcecode.swift; path = AppDelegate.swift; sourceTree = "<group>"; };
		9233D6D31CC44DE10069D3A3 /* ViewController.swift */ = {isa = PBXFileReference; lastKnownFileType = sourcecode.swift; path = ViewController.swift; sourceTree = "<group>"; };
		9233D6D61CC44DE10069D3A3 /* Base */ = {isa = PBXFileReference; lastKnownFileType = file.storyboard; name = Base; path = Base.lproj/Main.storyboard; sourceTree = "<group>"; };
		9233D6D81CC44DE10069D3A3 /* Assets.xcassets */ = {isa = PBXFileReference; lastKnownFileType = folder.assetcatalog; path = Assets.xcassets; sourceTree = "<group>"; };
		9233D6DB1CC44DE10069D3A3 /* Base */ = {isa = PBXFileReference; lastKnownFileType = file.storyboard; name = Base; path = Base.lproj/LaunchScreen.storyboard; sourceTree = "<group>"; };
		9233D6DD1CC44DE10069D3A3 /* Info.plist */ = {isa = PBXFileReference; lastKnownFileType = text.plist.xml; path = Info.plist; sourceTree = "<group>"; };
		9233D6E21CC44DE10069D3A3 /* RecipeTutorialTests.xctest */ = {isa = PBXFileReference; explicitFileType = wrapper.cfbundle; includeInIndex = 0; path = RecipeTutorialTests.xctest; sourceTree = BUILT_PRODUCTS_DIR; };
		9233D6E61CC44DE10069D3A3 /* RecipeTutorialTests.swift */ = {isa = PBXFileReference; lastKnownFileType = sourcecode.swift; path = RecipeTutorialTests.swift; sourceTree = "<group>"; };
		9233D6E81CC44DE10069D3A3 /* Info.plist */ = {isa = PBXFileReference; lastKnownFileType = text.plist.xml; path = Info.plist; sourceTree = "<group>"; };
		9233D6ED1CC44DE10069D3A3 /* RecipeTutorialUITests.xctest */ = {isa = PBXFileReference; explicitFileType = wrapper.cfbundle; includeInIndex = 0; path = RecipeTutorialUITests.xctest; sourceTree = BUILT_PRODUCTS_DIR; };
		9233D6F11CC44DE10069D3A3 /* RecipeTutorialUITests.swift */ = {isa = PBXFileReference; lastKnownFileType = sourcecode.swift; path = RecipeTutorialUITests.swift; sourceTree = "<group>"; };
		9233D6F31CC44DE10069D3A3 /* Info.plist */ = {isa = PBXFileReference; lastKnownFileType = text.plist.xml; path = Info.plist; sourceTree = "<group>"; };
		9233D7031CC4A13C0069D3A3 /* DetailMealViewController.swift */ = {isa = PBXFileReference; fileEncoding = 4; lastKnownFileType = sourcecode.swift; path = DetailMealViewController.swift; sourceTree = "<group>"; };
		926E95E51CC7195100FC57B9 /* AddMealViewController.swift */ = {isa = PBXFileReference; fileEncoding = 4; lastKnownFileType = sourcecode.swift; path = AddMealViewController.swift; sourceTree = "<group>"; };
/* End PBXFileReference section */

/* Begin PBXFrameworksBuildPhase section */
		9233D6CB1CC44DE10069D3A3 /* Frameworks */ = {
			isa = PBXFrameworksBuildPhase;
			buildActionMask = 2147483647;
			files = (
			);
			runOnlyForDeploymentPostprocessing = 0;
		};
		9233D6DF1CC44DE10069D3A3 /* Frameworks */ = {
			isa = PBXFrameworksBuildPhase;
			buildActionMask = 2147483647;
			files = (
			);
			runOnlyForDeploymentPostprocessing = 0;
		};
		9233D6EA1CC44DE10069D3A3 /* Frameworks */ = {
			isa = PBXFrameworksBuildPhase;
			buildActionMask = 2147483647;
			files = (
			);
			runOnlyForDeploymentPostprocessing = 0;
		};
/* End PBXFrameworksBuildPhase section */

/* Begin PBXGroup section */
		9233D6C51CC44DE10069D3A3 = {
			isa = PBXGroup;
			children = (
				9233D6D01CC44DE10069D3A3 /* RecipeTutorial */,
				9233D6E51CC44DE10069D3A3 /* RecipeTutorialTests */,
				9233D6F01CC44DE10069D3A3 /* RecipeTutorialUITests */,
				9233D6CF1CC44DE10069D3A3 /* Products */,
			);
			sourceTree = "<group>";
		};
		9233D6CF1CC44DE10069D3A3 /* Products */ = {
			isa = PBXGroup;
			children = (
				9233D6CE1CC44DE10069D3A3 /* RecipeTutorial.app */,
				9233D6E21CC44DE10069D3A3 /* RecipeTutorialTests.xctest */,
				9233D6ED1CC44DE10069D3A3 /* RecipeTutorialUITests.xctest */,
			);
			name = Products;
			sourceTree = "<group>";
		};
		9233D6D01CC44DE10069D3A3 /* RecipeTutorial */ = {
			isa = PBXGroup;
			children = (
				9233D6D11CC44DE10069D3A3 /* AppDelegate.swift */,
				9233D6D31CC44DE10069D3A3 /* ViewController.swift */,
				9233D6D51CC44DE10069D3A3 /* Main.storyboard */,
				9233D6D81CC44DE10069D3A3 /* Assets.xcassets */,
				9233D6DA1CC44DE10069D3A3 /* LaunchScreen.storyboard */,
				9233D6DD1CC44DE10069D3A3 /* Info.plist */,
				9233D7031CC4A13C0069D3A3 /* DetailMealViewController.swift */,
				926E95E51CC7195100FC57B9 /* AddMealViewController.swift */,
			);
			path = RecipeTutorial;
			sourceTree = "<group>";
		};
		9233D6E51CC44DE10069D3A3 /* RecipeTutorialTests */ = {
			isa = PBXGroup;
			children = (
				9233D6E61CC44DE10069D3A3 /* RecipeTutorialTests.swift */,
				9233D6E81CC44DE10069D3A3 /* Info.plist */,
			);
			path = RecipeTutorialTests;
			sourceTree = "<group>";
		};
		9233D6F01CC44DE10069D3A3 /* RecipeTutorialUITests */ = {
			isa = PBXGroup;
			children = (
				9233D6F11CC44DE10069D3A3 /* RecipeTutorialUITests.swift */,
				9233D6F31CC44DE10069D3A3 /* Info.plist */,
			);
			path = RecipeTutorialUITests;
			sourceTree = "<group>";
		};
/* End PBXGroup section */

/* Begin PBXNativeTarget section */
		9233D6CD1CC44DE10069D3A3 /* RecipeTutorial */ = {
			isa = PBXNativeTarget;
			buildConfigurationList = 9233D6F61CC44DE10069D3A3 /* Build configuration list for PBXNativeTarget "RecipeTutorial" */;
			buildPhases = (
				9233D6CA1CC44DE10069D3A3 /* Sources */,
				9233D6CB1CC44DE10069D3A3 /* Frameworks */,
				9233D6CC1CC44DE10069D3A3 /* Resources */,
			);
			buildRules = (
			);
			dependencies = (
			);
			name = RecipeTutorial;
			productName = RecipeTutorial;
			productReference = 9233D6CE1CC44DE10069D3A3 /* RecipeTutorial.app */;
			productType = "com.apple.product-type.application";
		};
		9233D6E11CC44DE10069D3A3 /* RecipeTutorialTests */ = {
			isa = PBXNativeTarget;
			buildConfigurationList = 9233D6F91CC44DE10069D3A3 /* Build configuration list for PBXNativeTarget "RecipeTutorialTests" */;
			buildPhases = (
				9233D6DE1CC44DE10069D3A3 /* Sources */,
				9233D6DF1CC44DE10069D3A3 /* Frameworks */,
				9233D6E01CC44DE10069D3A3 /* Resources */,
			);
			buildRules = (
			);
			dependencies = (
				9233D6E41CC44DE10069D3A3 /* PBXTargetDependency */,
			);
			name = RecipeTutorialTests;
			productName = RecipeTutorialTests;
			productReference = 9233D6E21CC44DE10069D3A3 /* RecipeTutorialTests.xctest */;
			productType = "com.apple.product-type.bundle.unit-test";
		};
		9233D6EC1CC44DE10069D3A3 /* RecipeTutorialUITests */ = {
			isa = PBXNativeTarget;
			buildConfigurationList = 9233D6FC1CC44DE10069D3A3 /* Build configuration list for PBXNativeTarget "RecipeTutorialUITests" */;
			buildPhases = (
				9233D6E91CC44DE10069D3A3 /* Sources */,
				9233D6EA1CC44DE10069D3A3 /* Frameworks */,
				9233D6EB1CC44DE10069D3A3 /* Resources */,
			);
			buildRules = (
			);
			dependencies = (
				9233D6EF1CC44DE10069D3A3 /* PBXTargetDependency */,
			);
			name = RecipeTutorialUITests;
			productName = RecipeTutorialUITests;
			productReference = 9233D6ED1CC44DE10069D3A3 /* RecipeTutorialUITests.xctest */;
			productType = "com.apple.product-type.bundle.ui-testing";
		};
/* End PBXNativeTarget section */

/* Begin PBXProject section */
		9233D6C61CC44DE10069D3A3 /* Project object */ = {
			isa = PBXProject;
			attributes = {
				LastSwiftUpdateCheck = 0730;
				LastUpgradeCheck = 0730;
				ORGANIZATIONNAME = "Luis Arias";
				TargetAttributes = {
					9233D6CD1CC44DE10069D3A3 = {
						CreatedOnToolsVersion = 7.3;
					};
					9233D6E11CC44DE10069D3A3 = {
						CreatedOnToolsVersion = 7.3;
						TestTargetID = 9233D6CD1CC44DE10069D3A3;
					};
					9233D6EC1CC44DE10069D3A3 = {
						CreatedOnToolsVersion = 7.3;
						TestTargetID = 9233D6CD1CC44DE10069D3A3;
					};
				};
			};
			buildConfigurationList = 9233D6C91CC44DE10069D3A3 /* Build configuration list for PBXProject "RecipeTutorial" */;
			compatibilityVersion = "Xcode 3.2";
			developmentRegion = English;
			hasScannedForEncodings = 0;
			knownRegions = (
				en,
				Base,
			);
			mainGroup = 9233D6C51CC44DE10069D3A3;
			productRefGroup = 9233D6CF1CC44DE10069D3A3 /* Products */;
			projectDirPath = "";
			projectRoot = "";
			targets = (
				9233D6CD1CC44DE10069D3A3 /* RecipeTutorial */,
				9233D6E11CC44DE10069D3A3 /* RecipeTutorialTests */,
				9233D6EC1CC44DE10069D3A3 /* RecipeTutorialUITests */,
			);
		};
/* End PBXProject section */

/* Begin PBXResourcesBuildPhase section */
		9233D6CC1CC44DE10069D3A3 /* Resources */ = {
			isa = PBXResourcesBuildPhase;
			buildActionMask = 2147483647;
			files = (
				9233D6DC1CC44DE10069D3A3 /* LaunchScreen.storyboard in Resources */,
				9233D6D91CC44DE10069D3A3 /* Assets.xcassets in Resources */,
				9233D6D71CC44DE10069D3A3 /* Main.storyboard in Resources */,
			);
			runOnlyForDeploymentPostprocessing = 0;
		};
		9233D6E01CC44DE10069D3A3 /* Resources */ = {
			isa = PBXResourcesBuildPhase;
			buildActionMask = 2147483647;
			files = (
			);
			runOnlyForDeploymentPostprocessing = 0;
		};
		9233D6EB1CC44DE10069D3A3 /* Resources */ = {
			isa = PBXResourcesBuildPhase;
			buildActionMask = 2147483647;
			files = (
			);
			runOnlyForDeploymentPostprocessing = 0;
		};
/* End PBXResourcesBuildPhase section */

/* Begin PBXSourcesBuildPhase section */
		9233D6CA1CC44DE10069D3A3 /* Sources */ = {
			isa = PBXSourcesBuildPhase;
			buildActionMask = 2147483647;
			files = (
				9233D6D41CC44DE10069D3A3 /* ViewController.swift in Sources */,
				926E95E61CC7195100FC57B9 /* AddMealViewController.swift in Sources */,
				9233D6D21CC44DE10069D3A3 /* AppDelegate.swift in Sources */,
				9233D7041CC4A13C0069D3A3 /* DetailMealViewController.swift in Sources */,
			);
			runOnlyForDeploymentPostprocessing = 0;
		};
		9233D6DE1CC44DE10069D3A3 /* Sources */ = {
			isa = PBXSourcesBuildPhase;
			buildActionMask = 2147483647;
			files = (
				9233D6E71CC44DE10069D3A3 /* RecipeTutorialTests.swift in Sources */,
			);
			runOnlyForDeploymentPostprocessing = 0;
		};
		9233D6E91CC44DE10069D3A3 /* Sources */ = {
			isa = PBXSourcesBuildPhase;
			buildActionMask = 2147483647;
			files = (
				9233D6F21CC44DE10069D3A3 /* RecipeTutorialUITests.swift in Sources */,
			);
			runOnlyForDeploymentPostprocessing = 0;
		};
/* End PBXSourcesBuildPhase section */

/* Begin PBXTargetDependency section */
		9233D6E41CC44DE10069D3A3 /* PBXTargetDependency */ = {
			isa = PBXTargetDependency;
			target = 9233D6CD1CC44DE10069D3A3 /* RecipeTutorial */;
			targetProxy = 9233D6E31CC44DE10069D3A3 /* PBXContainerItemProxy */;
		};
		9233D6EF1CC44DE10069D3A3 /* PBXTargetDependency */ = {
			isa = PBXTargetDependency;
			target = 9233D6CD1CC44DE10069D3A3 /* RecipeTutorial */;
			targetProxy = 9233D6EE1CC44DE10069D3A3 /* PBXContainerItemProxy */;
		};
/* End PBXTargetDependency section */

/* Begin PBXVariantGroup section */
		9233D6D51CC44DE10069D3A3 /* Main.storyboard */ = {
			isa = PBXVariantGroup;
			children = (
				9233D6D61CC44DE10069D3A3 /* Base */,
			);
			name = Main.storyboard;
			sourceTree = "<group>";
		};
		9233D6DA1CC44DE10069D3A3 /* LaunchScreen.storyboard */ = {
			isa = PBXVariantGroup;
			children = (
				9233D6DB1CC44DE10069D3A3 /* Base */,
			);
			name = LaunchScreen.storyboard;
			sourceTree = "<group>";
		};
/* End PBXVariantGroup section */

/* Begin XCBuildConfiguration section */
		9233D6F41CC44DE10069D3A3 /* Debug */ = {
			isa = XCBuildConfiguration;
			buildSettings = {
				ALWAYS_SEARCH_USER_PATHS = NO;
				CLANG_ANALYZER_NONNULL = YES;
				CLANG_CXX_LANGUAGE_STANDARD = "gnu++0x";
				CLANG_CXX_LIBRARY = "libc++";
				CLANG_ENABLE_MODULES = YES;
				CLANG_ENABLE_OBJC_ARC = YES;
				CLANG_WARN_BOOL_CONVERSION = YES;
				CLANG_WARN_CONSTANT_CONVERSION = YES;
				CLANG_WARN_DIRECT_OBJC_ISA_USAGE = YES_ERROR;
				CLANG_WARN_EMPTY_BODY = YES;
				CLANG_WARN_ENUM_CONVERSION = YES;
				CLANG_WARN_INT_CONVERSION = YES;
				CLANG_WARN_OBJC_ROOT_CLASS = YES_ERROR;
				CLANG_WARN_UNREACHABLE_CODE = YES;
				CLANG_WARN__DUPLICATE_METHOD_MATCH = YES;
				"CODE_SIGN_IDENTITY[sdk=iphoneos*]" = "iPhone Developer";
				COPY_PHASE_STRIP = NO;
				DEBUG_INFORMATION_FORMAT = dwarf;
				ENABLE_STRICT_OBJC_MSGSEND = YES;
				ENABLE_TESTABILITY = YES;
				GCC_C_LANGUAGE_STANDARD = gnu99;
				GCC_DYNAMIC_NO_PIC = NO;
				GCC_NO_COMMON_BLOCKS = YES;
				GCC_OPTIMIZATION_LEVEL = 0;
				GCC_PREPROCESSOR_DEFINITIONS = (
					"DEBUG=1",
					"$(inherited)",
				);
				GCC_WARN_64_TO_32_BIT_CONVERSION = YES;
				GCC_WARN_ABOUT_RETURN_TYPE = YES_ERROR;
				GCC_WARN_UNDECLARED_SELECTOR = YES;
				GCC_WARN_UNINITIALIZED_AUTOS = YES_AGGRESSIVE;
				GCC_WARN_UNUSED_FUNCTION = YES;
				GCC_WARN_UNUSED_VARIABLE = YES;
				IPHONEOS_DEPLOYMENT_TARGET = 9.3;
				MTL_ENABLE_DEBUG_INFO = YES;
				ONLY_ACTIVE_ARCH = YES;
				SDKROOT = iphoneos;
				SWIFT_OPTIMIZATION_LEVEL = "-Onone";
			};
			name = Debug;
		};
		9233D6F51CC44DE10069D3A3 /* Release */ = {
			isa = XCBuildConfiguration;
			buildSettings = {
				ALWAYS_SEARCH_USER_PATHS = NO;
				CLANG_ANALYZER_NONNULL = YES;
				CLANG_CXX_LANGUAGE_STANDARD = "gnu++0x";
				CLANG_CXX_LIBRARY = "libc++";
				CLANG_ENABLE_MODULES = YES;
				CLANG_ENABLE_OBJC_ARC = YES;
				CLANG_WARN_BOOL_CONVERSION = YES;
				CLANG_WARN_CONSTANT_CONVERSION = YES;
				CLANG_WARN_DIRECT_OBJC_ISA_USAGE = YES_ERROR;
				CLANG_WARN_EMPTY_BODY = YES;
				CLANG_WARN_ENUM_CONVERSION = YES;
				CLANG_WARN_INT_CONVERSION = YES;
				CLANG_WARN_OBJC_ROOT_CLASS = YES_ERROR;
				CLANG_WARN_UNREACHABLE_CODE = YES;
				CLANG_WARN__DUPLICATE_METHOD_MATCH = YES;
				"CODE_SIGN_IDENTITY[sdk=iphoneos*]" = "iPhone Developer";
				COPY_PHASE_STRIP = NO;
				DEBUG_INFORMATION_FORMAT = "dwarf-with-dsym";
				ENABLE_NS_ASSERTIONS = NO;
				ENABLE_STRICT_OBJC_MSGSEND = YES;
				GCC_C_LANGUAGE_STANDARD = gnu99;
				GCC_NO_COMMON_BLOCKS = YES;
				GCC_WARN_64_TO_32_BIT_CONVERSION = YES;
				GCC_WARN_ABOUT_RETURN_TYPE = YES_ERROR;
				GCC_WARN_UNDECLARED_SELECTOR = YES;
				GCC_WARN_UNINITIALIZED_AUTOS = YES_AGGRESSIVE;
				GCC_WARN_UNUSED_FUNCTION = YES;
				GCC_WARN_UNUSED_VARIABLE = YES;
				IPHONEOS_DEPLOYMENT_TARGET = 9.3;
				MTL_ENABLE_DEBUG_INFO = NO;
				SDKROOT = iphoneos;
				VALIDATE_PRODUCT = YES;
			};
			name = Release;
		};
		9233D6F71CC44DE10069D3A3 /* Debug */ = {
			isa = XCBuildConfiguration;
			buildSettings = {
				ASSETCATALOG_COMPILER_APPICON_NAME = AppIcon;
				INFOPLIST_FILE = RecipeTutorial/Info.plist;
				LD_RUNPATH_SEARCH_PATHS = "$(inherited) @executable_path/Frameworks";
				PRODUCT_BUNDLE_IDENTIFIER = mx.com.terco.RecipeTutorial;
				PRODUCT_NAME = "$(TARGET_NAME)";
			};
			name = Debug;
		};
		9233D6F81CC44DE10069D3A3 /* Release */ = {
			isa = XCBuildConfiguration;
			buildSettings = {
				ASSETCATALOG_COMPILER_APPICON_NAME = AppIcon;
				INFOPLIST_FILE = RecipeTutorial/Info.plist;
				LD_RUNPATH_SEARCH_PATHS = "$(inherited) @executable_path/Frameworks";
				PRODUCT_BUNDLE_IDENTIFIER = mx.com.terco.RecipeTutorial;
				PRODUCT_NAME = "$(TARGET_NAME)";
			};
			name = Release;
		};
		9233D6FA1CC44DE10069D3A3 /* Debug */ = {
			isa = XCBuildConfiguration;
			buildSettings = {
				BUNDLE_LOADER = "$(TEST_HOST)";
				INFOPLIST_FILE = RecipeTutorialTests/Info.plist;
				LD_RUNPATH_SEARCH_PATHS = "$(inherited) @executable_path/Frameworks @loader_path/Frameworks";
				PRODUCT_BUNDLE_IDENTIFIER = mx.com.terco.RecipeTutorialTests;
				PRODUCT_NAME = "$(TARGET_NAME)";
				TEST_HOST = "$(BUILT_PRODUCTS_DIR)/RecipeTutorial.app/RecipeTutorial";
			};
			name = Debug;
		};
		9233D6FB1CC44DE10069D3A3 /* Release */ = {
			isa = XCBuildConfiguration;
			buildSettings = {
				BUNDLE_LOADER = "$(TEST_HOST)";
				INFOPLIST_FILE = RecipeTutorialTests/Info.plist;
				LD_RUNPATH_SEARCH_PATHS = "$(inherited) @executable_path/Frameworks @loader_path/Frameworks";
				PRODUCT_BUNDLE_IDENTIFIER = mx.com.terco.RecipeTutorialTests;
				PRODUCT_NAME = "$(TARGET_NAME)";
				TEST_HOST = "$(BUILT_PRODUCTS_DIR)/RecipeTutorial.app/RecipeTutorial";
			};
			name = Release;
		};
		9233D6FD1CC44DE10069D3A3 /* Debug */ = {
			isa = XCBuildConfiguration;
			buildSettings = {
				INFOPLIST_FILE = RecipeTutorialUITests/Info.plist;
				LD_RUNPATH_SEARCH_PATHS = "$(inherited) @executable_path/Frameworks @loader_path/Frameworks";
				PRODUCT_BUNDLE_IDENTIFIER = mx.com.terco.RecipeTutorialUITests;
				PRODUCT_NAME = "$(TARGET_NAME)";
				TEST_TARGET_NAME = RecipeTutorial;
			};
			name = Debug;
		};
		9233D6FE1CC44DE10069D3A3 /* Release */ = {
			isa = XCBuildConfiguration;
			buildSettings = {
				INFOPLIST_FILE = RecipeTutorialUITests/Info.plist;
				LD_RUNPATH_SEARCH_PATHS = "$(inherited) @executable_path/Frameworks @loader_path/Frameworks";
				PRODUCT_BUNDLE_IDENTIFIER = mx.com.terco.RecipeTutorialUITests;
				PRODUCT_NAME = "$(TARGET_NAME)";
				TEST_TARGET_NAME = RecipeTutorial;
			};
			name = Release;
		};
/* End XCBuildConfiguration section */

/* Begin XCConfigurationList section */
		9233D6C91CC44DE10069D3A3 /* Build configuration list for PBXProject "RecipeTutorial" */ = {
			isa = XCConfigurationList;
			buildConfigurations = (
				9233D6F41CC44DE10069D3A3 /* Debug */,
				9233D6F51CC44DE10069D3A3 /* Release */,
			);
			defaultConfigurationIsVisible = 0;
			defaultConfigurationName = Release;
		};
		9233D6F61CC44DE10069D3A3 /* Build configuration list for PBXNativeTarget "RecipeTutorial" */ = {
			isa = XCConfigurationList;
			buildConfigurations = (
				9233D6F71CC44DE10069D3A3 /* Debug */,
				9233D6F81CC44DE10069D3A3 /* Release */,
			);
			defaultConfigurationIsVisible = 0;
			defaultConfigurationName = Release;
		};
		9233D6F91CC44DE10069D3A3 /* Build configuration list for PBXNativeTarget "RecipeTutorialTests" */ = {
			isa = XCConfigurationList;
			buildConfigurations = (
				9233D6FA1CC44DE10069D3A3 /* Debug */,
				9233D6FB1CC44DE10069D3A3 /* Release */,
			);
			defaultConfigurationIsVisible = 0;
			defaultConfigurationName = Release;
		};
		9233D6FC1CC44DE10069D3A3 /* Build configuration list for PBXNativeTarget "RecipeTutorialUITests" */ = {
			isa = XCConfigurationList;
			buildConfigurations = (
				9233D6FD1CC44DE10069D3A3 /* Debug */,
				9233D6FE1CC44DE10069D3A3 /* Release */,
			);
			defaultConfigurationIsVisible = 0;
			defaultConfigurationName = Release;
		};
/* End XCConfigurationList section */
	};
	rootObject = 9233D6C61CC44DE10069D3A3 /* Project object */;
}
